
Microsoft Visual Studio Solution File, Format Version 12.00
# Visual Studio 15
VisualStudioVersion = 15.0.27703.2026
MinimumVisualStudioVersion = 10.0.40219.1
Project("{9A19103F-16F7-4668-BE54-9A1E7A4F7556}") = "CoreStudy1", "CoreStudy1\CoreStudy1.csproj", "{421E0E95-80EF-4703-AAF5-AAFABCECFC46}"
EndProject
Project("{9A19103F-16F7-4668-BE54-9A1E7A4F7556}") = "CoreStudy2", "CoreStudy2\CoreStudy2.csproj", "{4084AF22-6027-46FA-BC0B-46CA0EF61489}"
EndProject
Project("{9A19103F-16F7-4668-BE54-9A1E7A4F7556}") = "CoreStudy3", "CoreStudy3\CoreStudy3.csproj", "{38FFCAF7-FB01-46D8-8C2F-554FD596A674}"
EndProject
Project("{9A19103F-16F7-4668-BE54-9A1E7A4F7556}") = "CoreStudy4", "CoreStudy4\CoreStudy4.csproj", "{ECCEDC3E-6A07-4809-81F8-1809D0DF67CC}"
EndProject
Project("{FAE04EC0-301F-11D3-BF4B-00C04F79EFBC}") = "CoreStudy5", "CoreStudy5\CoreStudy5.csproj", "{7CE87152-B9FB-4F31-A26C-17DCF2D4ED40}"
EndProject
Project("{FAE04EC0-301F-11D3-BF4B-00C04F79EFBC}") = "CoreStudy6", "CoreStudy6\CoreStudy6.csproj", "{D667D5B5-0439-4081-B9D3-29134EFC208F}"
EndProject
Global
	GlobalSection(SolutionConfigurationPlatforms) = preSolution
		Debug|Any CPU = Debug|Any CPU
		Release|Any CPU = Release|Any CPU
	EndGlobalSection
	GlobalSection(ProjectConfigurationPlatforms) = postSolution
		{421E0E95-80EF-4703-AAF5-AAFABCECFC46}.Debug|Any CPU.ActiveCfg = Debug|Any CPU
		{421E0E95-80EF-4703-AAF5-AAFABCECFC46}.Debug|Any CPU.Build.0 = Debug|Any CPU
		{421E0E95-80EF-4703-AAF5-AAFABCECFC46}.Release|Any CPU.ActiveCfg = Release|Any CPU
		{421E0E95-80EF-4703-AAF5-AAFABCECFC46}.Release|Any CPU.Build.0 = Release|Any CPU
		{4084AF22-6027-46FA-BC0B-46CA0EF61489}.Debug|Any CPU.ActiveCfg = Debug|Any CPU
		{4084AF22-6027-46FA-BC0B-46CA0EF61489}.Debug|Any CPU.Build.0 = Debug|Any CPU
		{4084AF22-6027-46FA-BC0B-46CA0EF61489}.Release|Any CPU.ActiveCfg = Release|Any CPU
		{4084AF22-6027-46FA-BC0B-46CA0EF61489}.Release|Any CPU.Build.0 = Release|Any CPU
		{38FFCAF7-FB01-46D8-8C2F-554FD596A674}.Debug|Any CPU.ActiveCfg = Debug|Any CPU
		{38FFCAF7-FB01-46D8-8C2F-554FD596A674}.Debug|Any CPU.Build.0 = Debug|Any CPU
		{38FFCAF7-FB01-46D8-8C2F-554FD596A674}.Release|Any CPU.ActiveCfg = Release|Any CPU
		{38FFCAF7-FB01-46D8-8C2F-554FD596A674}.Release|Any CPU.Build.0 = Release|Any CPU
		{ECCEDC3E-6A07-4809-81F8-1809D0DF67CC}.Debug|Any CPU.ActiveCfg = Debug|Any CPU
		{ECCEDC3E-6A07-4809-81F8-1809D0DF67CC}.Debug|Any CPU.Build.0 = Debug|Any CPU
		{ECCEDC3E-6A07-4809-81F8-1809D0DF67CC}.Release|Any CPU.ActiveCfg = Release|Any CPU
		{ECCEDC3E-6A07-4809-81F8-1809D0DF67CC}.Release|Any CPU.Build.0 = Release|Any CPU
		{7CE87152-B9FB-4F31-A26C-17DCF2D4ED40}.Debug|Any CPU.ActiveCfg = Debug|Any CPU
		{7CE87152-B9FB-4F31-A26C-17DCF2D4ED40}.Debug|Any CPU.Build.0 = Debug|Any CPU
		{7CE87152-B9FB-4F31-A26C-17DCF2D4ED40}.Release|Any CPU.ActiveCfg = Release|Any CPU
		{7CE87152-B9FB-4F31-A26C-17DCF2D4ED40}.Release|Any CPU.Build.0 = Release|Any CPU
		{D667D5B5-0439-4081-B9D3-29134EFC208F}.Debug|Any CPU.ActiveCfg = Debug|Any CPU
		{D667D5B5-0439-4081-B9D3-29134EFC208F}.Debug|Any CPU.Build.0 = Debug|Any CPU
		{D667D5B5-0439-4081-B9D3-29134EFC208F}.Release|Any CPU.ActiveCfg = Release|Any CPU
		{D667D5B5-0439-4081-B9D3-29134EFC208F}.Release|Any CPU.Build.0 = Release|Any CPU
	EndGlobalSection
	GlobalSection(SolutionProperties) = preSolution
		HideSolutionNode = FALSE
	EndGlobalSection
	GlobalSection(ExtensibilityGlobals) = postSolution
		SolutionGuid = {65929A2A-A4F9-459E-8EA5-8B06677D31C2}
	EndGlobalSection
EndGlobal
